
Microsoft Visual Studio Solution File, Format Version 12.00
# Visual Studio Version 17
VisualStudioVersion = 17.4.33103.184
MinimumVisualStudioVersion = 10.0.40219.1
Project("{FAE04EC0-301F-11D3-BF4B-00C04F79EFBC}") = "SistemaDeControlInteligente", "SistemaDeControlInteligente\SistemaDeControlInteligente.csproj", "{C0094547-B4A5-4C29-8BEA-8BFAB2A6BAB3}"
EndProject
Global
	GlobalSection(SolutionConfigurationPlatforms) = preSolution
		Debug|Any CPU = Debug|Any CPU
		Release|Any CPU = Release|Any CPU
	EndGlobalSection
	GlobalSection(ProjectConfigurationPlatforms) = postSolution
		{C0094547-B4A5-4C29-8BEA-8BFAB2A6BAB3}.Debug|Any CPU.ActiveCfg = Debug|Any CPU
		{C0094547-B4A5-4C29-8BEA-8BFAB2A6BAB3}.Debug|Any CPU.Build.0 = Debug|Any CPU
		{C0094547-B4A5-4C29-8BEA-8BFAB2A6BAB3}.Release|Any CPU.ActiveCfg = Release|Any CPU
		{C0094547-B4A5-4C29-8BEA-8BFAB2A6BAB3}.Release|Any CPU.Build.0 = Release|Any CPU
	EndGlobalSection
	GlobalSection(SolutionProperties) = preSolution
		HideSolutionNode = FALSE
	EndGlobalSection
	GlobalSection(ExtensibilityGlobals) = postSolution
		SolutionGuid = {1423F6A0-49BC-49A9-8631-FB5867E74791}
	EndGlobalSection
EndGlobal
